
Microsoft Visual Studio Solution File, Format Version 12.00
# Visual Studio Version 16
VisualStudioVersion = 16.0.31321.278
MinimumVisualStudioVersion = 10.0.40219.1
Project("{FAE04EC0-301F-11D3-BF4B-00C04F79EFBC}") = "FormsArduinoTemperaturaG3-2022-I", "FormsArduinoTemperaturaG3-2022-I.csproj", "{3A977DC4-7C8B-4AFD-A695-CF6D4DF79F5A}"
EndProject
Global
	GlobalSection(SolutionConfigurationPlatforms) = preSolution
		Debug|Any CPU = Debug|Any CPU
		Release|Any CPU = Release|Any CPU
	EndGlobalSection
	GlobalSection(ProjectConfigurationPlatforms) = postSolution
		{3A977DC4-7C8B-4AFD-A695-CF6D4DF79F5A}.Debug|Any CPU.ActiveCfg = Debug|Any CPU
		{3A977DC4-7C8B-4AFD-A695-CF6D4DF79F5A}.Debug|Any CPU.Build.0 = Debug|Any CPU
		{3A977DC4-7C8B-4AFD-A695-CF6D4DF79F5A}.Release|Any CPU.ActiveCfg = Release|Any CPU
		{3A977DC4-7C8B-4AFD-A695-CF6D4DF79F5A}.Release|Any CPU.Build.0 = Release|Any CPU
	EndGlobalSection
	GlobalSection(SolutionProperties) = preSolution
		HideSolutionNode = FALSE
	EndGlobalSection
	GlobalSection(ExtensibilityGlobals) = postSolution
		SolutionGuid = {5471628E-C7D4-4236-8DAC-781A9B0A71CD}
	EndGlobalSection
EndGlobal
